
Microsoft Visual Studio Solution File, Format Version 12.00
# Visual Studio Version 17
VisualStudioVersion = 17.14.36327.8 d17.14
MinimumVisualStudioVersion = 10.0.40219.1
Project("{FAE04EC0-301F-11D3-BF4B-00C04F79EFBC}") = "TxtToJsonTest", "TxtToJsonTest\TxtToJsonTest.csproj", "{8842FBB4-A088-46A1-A076-4D8302C1CFB7}"
EndProject
Global
	GlobalSection(SolutionConfigurationPlatforms) = preSolution
		Debug|Any CPU = Debug|Any CPU
		Release|Any CPU = Release|Any CPU
	EndGlobalSection
	GlobalSection(ProjectConfigurationPlatforms) = postSolution
		{8842FBB4-A088-46A1-A076-4D8302C1CFB7}.Debug|Any CPU.ActiveCfg = Debug|Any CPU
		{8842FBB4-A088-46A1-A076-4D8302C1CFB7}.Debug|Any CPU.Build.0 = Debug|Any CPU
		{8842FBB4-A088-46A1-A076-4D8302C1CFB7}.Release|Any CPU.ActiveCfg = Release|Any CPU
		{8842FBB4-A088-46A1-A076-4D8302C1CFB7}.Release|Any CPU.Build.0 = Release|Any CPU
	EndGlobalSection
	GlobalSection(SolutionProperties) = preSolution
		HideSolutionNode = FALSE
	EndGlobalSection
	GlobalSection(ExtensibilityGlobals) = postSolution
		SolutionGuid = {564C612F-4F08-487C-8024-7081EBE6B267}
	EndGlobalSection
EndGlobal
