
Microsoft Visual Studio Solution File, Format Version 12.00
# Visual Studio Version 17
VisualStudioVersion = 17.14.36221.1 d17.14
MinimumVisualStudioVersion = 10.0.40219.1
Project("{FAE04EC0-301F-11D3-BF4B-00C04F79EFBC}") = "APIDemo", "Demo\APIDemo.csproj", "{EAE6A746-1005-444D-B6C3-64A698C02298}"
EndProject
Project("{FAE04EC0-301F-11D3-BF4B-00C04F79EFBC}") = "APITests", "APITests\APITests.csproj", "{51CCDD18-DAE9-4596-ACC3-0F1264A85B73}"
EndProject
Global
	GlobalSection(SolutionConfigurationPlatforms) = preSolution
		Debug|Any CPU = Debug|Any CPU
		Release|Any CPU = Release|Any CPU
	EndGlobalSection
	GlobalSection(ProjectConfigurationPlatforms) = postSolution
		{EAE6A746-1005-444D-B6C3-64A698C02298}.Debug|Any CPU.ActiveCfg = Debug|Any CPU
		{EAE6A746-1005-444D-B6C3-64A698C02298}.Debug|Any CPU.Build.0 = Debug|Any CPU
		{EAE6A746-1005-444D-B6C3-64A698C02298}.Release|Any CPU.ActiveCfg = Release|Any CPU
		{EAE6A746-1005-444D-B6C3-64A698C02298}.Release|Any CPU.Build.0 = Release|Any CPU
		{51CCDD18-DAE9-4596-ACC3-0F1264A85B73}.Debug|Any CPU.ActiveCfg = Debug|Any CPU
		{51CCDD18-DAE9-4596-ACC3-0F1264A85B73}.Debug|Any CPU.Build.0 = Debug|Any CPU
		{51CCDD18-DAE9-4596-ACC3-0F1264A85B73}.Release|Any CPU.ActiveCfg = Release|Any CPU
		{51CCDD18-DAE9-4596-ACC3-0F1264A85B73}.Release|Any CPU.Build.0 = Release|Any CPU
	EndGlobalSection
	GlobalSection(SolutionProperties) = preSolution
		HideSolutionNode = FALSE
	EndGlobalSection
	GlobalSection(ExtensibilityGlobals) = postSolution
		SolutionGuid = {D9697185-1D0A-4FBF-9F83-B85BC8E1CD37}
	EndGlobalSection
EndGlobal
